
Microsoft Visual Studio Solution File, Format Version 12.00
# Visual Studio Version 16
VisualStudioVersion = 16.0.33927.289
MinimumVisualStudioVersion = 10.0.40219.1
Project("{FAE04EC0-301F-11D3-BF4B-00C04F79EFBC}") = "ConsoleApp11", "ConsoleApp11\ConsoleApp11.csproj", "{1F156431-B17E-4CF6-BA3C-A79E256E690C}"
EndProject
Global
	GlobalSection(SolutionConfigurationPlatforms) = preSolution
		Debug|Any CPU = Debug|Any CPU
		Release|Any CPU = Release|Any CPU
	EndGlobalSection
	GlobalSection(ProjectConfigurationPlatforms) = postSolution
		{1F156431-B17E-4CF6-BA3C-A79E256E690C}.Debug|Any CPU.ActiveCfg = Debug|Any CPU
		{1F156431-B17E-4CF6-BA3C-A79E256E690C}.Debug|Any CPU.Build.0 = Debug|Any CPU
		{1F156431-B17E-4CF6-BA3C-A79E256E690C}.Release|Any CPU.ActiveCfg = Release|Any CPU
		{1F156431-B17E-4CF6-BA3C-A79E256E690C}.Release|Any CPU.Build.0 = Release|Any CPU
	EndGlobalSection
	GlobalSection(SolutionProperties) = preSolution
		HideSolutionNode = FALSE
	EndGlobalSection
	GlobalSection(ExtensibilityGlobals) = postSolution
		SolutionGuid = {C0516774-B0EE-4FB2-A48F-FBE48A4E7D90}
	EndGlobalSection
EndGlobal
